// !$*UTF8*$!
{
	archiveVersion = 1;
	classes = {
	};
	objectVersion = 70;
	objects = {

/* Begin PBXBuildFile section */
		134356FC27DDFCF20074E691 /* InputMethodKit.framework in Frameworks */ = {isa = PBXBuildFile; fileRef = 134356FB27DDFCF20074E691 /* InputMethodKit.framework */; };
		134356FE27DDFD030074E691 /* Cocoa.framework in Frameworks */ = {isa = PBXBuildFile; fileRef = 134356FD27DDFD030074E691 /* Cocoa.framework */; };
		1343570027DDFF850074E691 /* InputController.swift in Sources */ = {isa = PBXBuildFile; fileRef = 134356FF27DDFF850074E691 /* InputController.swift */; };
		1343570327DE0BEB0074E691 /* InfoPlist.strings in Resources */ = {isa = PBXBuildFile; fileRef = 1343570527DE0BEB0074E691 /* InfoPlist.strings */; };
		461A81592B49B030005E7725 /* han3-shin-pcs@2x.png in Resources */ = {isa = PBXBuildFile; fileRef = 461A81552B49B030005E7725 /* han3-shin-pcs@2x.png */; };
		461A815A2B49B030005E7725 /* han3-shin-p2.png in Resources */ = {isa = PBXBuildFile; fileRef = 461A81562B49B030005E7725 /* han3-shin-p2.png */; };
		461A815B2B49B030005E7725 /* han3-shin-pcs.png in Resources */ = {isa = PBXBuildFile; fileRef = 461A81572B49B030005E7725 /* han3-shin-pcs.png */; };
		461A815C2B49B030005E7725 /* han3-shin-p2@2x.png in Resources */ = {isa = PBXBuildFile; fileRef = 461A81582B49B030005E7725 /* han3-shin-p2@2x.png */; };
		461F6A4126ECCD2400573DB1 /* NotificationContent.swift in Sources */ = {isa = PBXBuildFile; fileRef = 461F6A4026ECCD2400573DB1 /* NotificationContent.swift */; };
		462EBD172B3F3DF400BD94B2 /* Korean.tiff in Resources */ = {isa = PBXBuildFile; fileRef = 462EBD162B3F3DF400BD94B2 /* Korean.tiff */; };
		464092AA2B92EDA800F5D81D /* HangulProcessor.swift in Sources */ = {isa = PBXBuildFile; fileRef = 464092A92B92EDA800F5D81D /* HangulProcessor.swift */; };
		469C537F2B91E1C200446511 /* Logger.swift in Sources */ = {isa = PBXBuildFile; fileRef = 469C537E2B91E1C200446511 /* Logger.swift */; };
		46E67F5126EC5505005EC052 /* AppDelegate.swift in Sources */ = {isa = PBXBuildFile; fileRef = 46E67F5026EC5505005EC052 /* AppDelegate.swift */; };
		46E67F5326EC5506005EC052 /* Assets.xcassets in Resources */ = {isa = PBXBuildFile; fileRef = 46E67F5226EC5506005EC052 /* Assets.xcassets */; };
		46E67F5626EC5506005EC052 /* MainMenu.xib in Resources */ = {isa = PBXBuildFile; fileRef = 46E67F5426EC5506005EC052 /* MainMenu.xib */; };
		46E67F8026EC5CFA005EC052 /* han3-P2@2x.png in Resources */ = {isa = PBXBuildFile; fileRef = 46E67F7D26EC5CFA005EC052 /* han3-P2@2x.png */; };
		46E67F8126EC5CFA005EC052 /* han3-P2.png in Resources */ = {isa = PBXBuildFile; fileRef = 46E67F7E26EC5CFA005EC052 /* han3-P2.png */; };
		46E67F8226EC5CFA005EC052 /* icon.tiff in Resources */ = {isa = PBXBuildFile; fileRef = 46E67F7F26EC5CFA005EC052 /* icon.tiff */; };
		E284B61B2CFDF4F20009DE1C /* Util.swift in Sources */ = {isa = PBXBuildFile; fileRef = E284B61A2CFDF4F20009DE1C /* Util.swift */; };
		E2972D032CDF8C18001278E3 /* Layout.swift in Sources */ = {isa = PBXBuildFile; fileRef = E2972D022CDF8C11001278E3 /* Layout.swift */; };
		E299CA4F2D008F2F00E2FD0D /* HangulComposer.swift in Sources */ = {isa = PBXBuildFile; fileRef = E299CA4E2D008F2F00E2FD0D /* HangulComposer.swift */; };
		E2B1644B2CDFAFD4003FCE85 /* HangulCode.swift in Sources */ = {isa = PBXBuildFile; fileRef = E2B1644A2CDFAFC3003FCE85 /* HangulCode.swift */; };
/* End PBXBuildFile section */

/* Begin PBXContainerItemProxy section */
		E289CD502CE9CD3D00E309D8 /* PBXContainerItemProxy */ = {
			isa = PBXContainerItemProxy;
			containerPortal = 46E67F4526EC5505005EC052 /* Project object */;
			proxyType = 1;
			remoteGlobalIDString = 46E67F4C26EC5505005EC052;
			remoteInfo = Patal;
		};
/* End PBXContainerItemProxy section */

/* Begin PBXFileReference section */
		134356FB27DDFCF20074E691 /* InputMethodKit.framework */ = {isa = PBXFileReference; lastKnownFileType = wrapper.framework; name = InputMethodKit.framework; path = System/Library/Frameworks/InputMethodKit.framework; sourceTree = SDKROOT; };
		134356FD27DDFD030074E691 /* Cocoa.framework */ = {isa = PBXFileReference; lastKnownFileType = wrapper.framework; name = Cocoa.framework; path = System/Library/Frameworks/Cocoa.framework; sourceTree = SDKROOT; };
		134356FF27DDFF850074E691 /* InputController.swift */ = {isa = PBXFileReference; lastKnownFileType = sourcecode.swift; path = InputController.swift; sourceTree = "<group>"; };
		1343570427DE0BEB0074E691 /* en */ = {isa = PBXFileReference; explicitFileType = text.plist.strings; name = en; path = en.lproj/InfoPlist.strings; sourceTree = "<group>"; };
		461A81552B49B030005E7725 /* han3-shin-pcs@2x.png */ = {isa = PBXFileReference; lastKnownFileType = image.png; path = "han3-shin-pcs@2x.png"; sourceTree = "<group>"; };
		461A81562B49B030005E7725 /* han3-shin-p2.png */ = {isa = PBXFileReference; lastKnownFileType = image.png; path = "han3-shin-p2.png"; sourceTree = "<group>"; };
		461A81572B49B030005E7725 /* han3-shin-pcs.png */ = {isa = PBXFileReference; lastKnownFileType = image.png; path = "han3-shin-pcs.png"; sourceTree = "<group>"; };
		461A81582B49B030005E7725 /* han3-shin-p2@2x.png */ = {isa = PBXFileReference; lastKnownFileType = image.png; path = "han3-shin-p2@2x.png"; sourceTree = "<group>"; };
		461F6A4026ECCD2400573DB1 /* NotificationContent.swift */ = {isa = PBXFileReference; lastKnownFileType = sourcecode.swift; path = NotificationContent.swift; sourceTree = "<group>"; };
		462EBD162B3F3DF400BD94B2 /* Korean.tiff */ = {isa = PBXFileReference; lastKnownFileType = image.tiff; path = Korean.tiff; sourceTree = "<group>"; };
		464092A92B92EDA800F5D81D /* HangulProcessor.swift */ = {isa = PBXFileReference; lastKnownFileType = sourcecode.swift; path = HangulProcessor.swift; sourceTree = "<group>"; };
		469C537E2B91E1C200446511 /* Logger.swift */ = {isa = PBXFileReference; lastKnownFileType = sourcecode.swift; path = Logger.swift; sourceTree = "<group>"; };
		46B3550B2B3EF8BA009305DC /* ko */ = {isa = PBXFileReference; lastKnownFileType = text.plist.strings; name = ko; path = ko.lproj/MainMenu.strings; sourceTree = "<group>"; };
		46B3550C2B3EF8BA009305DC /* ko */ = {isa = PBXFileReference; lastKnownFileType = text.plist.strings; name = ko; path = ko.lproj/InfoPlist.strings; sourceTree = "<group>"; };
		46B3550E2B3EF966009305DC /* en */ = {isa = PBXFileReference; lastKnownFileType = text.plist.strings; name = en; path = en.lproj/MainMenu.strings; sourceTree = "<group>"; };
		46E67F4D26EC5505005EC052 /* Patal.app */ = {isa = PBXFileReference; explicitFileType = wrapper.application; includeInIndex = 0; path = Patal.app; sourceTree = BUILT_PRODUCTS_DIR; };
		46E67F5026EC5505005EC052 /* AppDelegate.swift */ = {isa = PBXFileReference; lastKnownFileType = sourcecode.swift; path = AppDelegate.swift; sourceTree = "<group>"; };
		46E67F5226EC5506005EC052 /* Assets.xcassets */ = {isa = PBXFileReference; lastKnownFileType = folder.assetcatalog; path = Assets.xcassets; sourceTree = "<group>"; };
		46E67F5526EC5506005EC052 /* Base */ = {isa = PBXFileReference; lastKnownFileType = file.xib; name = Base; path = Base.lproj/MainMenu.xib; sourceTree = "<group>"; };
		46E67F5726EC5506005EC052 /* Info.plist */ = {isa = PBXFileReference; lastKnownFileType = text.plist.xml; path = Info.plist; sourceTree = "<group>"; };
		46E67F5826EC5506005EC052 /* Patal.entitlements */ = {isa = PBXFileReference; lastKnownFileType = text.plist.entitlements; path = Patal.entitlements; sourceTree = "<group>"; };
		46E67F7D26EC5CFA005EC052 /* han3-P2@2x.png */ = {isa = PBXFileReference; lastKnownFileType = image.png; path = "han3-P2@2x.png"; sourceTree = "<group>"; };
		46E67F7E26EC5CFA005EC052 /* han3-P2.png */ = {isa = PBXFileReference; lastKnownFileType = image.png; path = "han3-P2.png"; sourceTree = "<group>"; };
		46E67F7F26EC5CFA005EC052 /* icon.tiff */ = {isa = PBXFileReference; lastKnownFileType = image.tiff; path = icon.tiff; sourceTree = "<group>"; };
		E284B61A2CFDF4F20009DE1C /* Util.swift */ = {isa = PBXFileReference; lastKnownFileType = sourcecode.swift; path = Util.swift; sourceTree = "<group>"; };
		E289CD4C2CE9CD3D00E309D8 /* PatalTests.xctest */ = {isa = PBXFileReference; explicitFileType = wrapper.cfbundle; includeInIndex = 0; path = PatalTests.xctest; sourceTree = BUILT_PRODUCTS_DIR; };
		E2972D022CDF8C11001278E3 /* Layout.swift */ = {isa = PBXFileReference; lastKnownFileType = sourcecode.swift; path = Layout.swift; sourceTree = "<group>"; };
		E299CA4E2D008F2F00E2FD0D /* HangulComposer.swift */ = {isa = PBXFileReference; lastKnownFileType = sourcecode.swift; path = HangulComposer.swift; sourceTree = "<group>"; };
		E2B1644A2CDFAFC3003FCE85 /* HangulCode.swift */ = {isa = PBXFileReference; lastKnownFileType = sourcecode.swift; path = HangulCode.swift; sourceTree = "<group>"; };
/* End PBXFileReference section */

/* Begin PBXFileSystemSynchronizedRootGroup section */
		E289CD4D2CE9CD3D00E309D8 /* PatalTests */ = {isa = PBXFileSystemSynchronizedRootGroup; explicitFileTypes = {}; explicitFolders = (); path = PatalTests; sourceTree = "<group>"; };
/* End PBXFileSystemSynchronizedRootGroup section */

/* Begin PBXFrameworksBuildPhase section */
		46E67F4A26EC5505005EC052 /* Frameworks */ = {
			isa = PBXFrameworksBuildPhase;
			buildActionMask = 2147483647;
			files = (
				134356FE27DDFD030074E691 /* Cocoa.framework in Frameworks */,
				134356FC27DDFCF20074E691 /* InputMethodKit.framework in Frameworks */,
			);
			runOnlyForDeploymentPostprocessing = 0;
		};
		E289CD492CE9CD3D00E309D8 /* Frameworks */ = {
			isa = PBXFrameworksBuildPhase;
			buildActionMask = 2147483647;
			files = (
			);
			runOnlyForDeploymentPostprocessing = 0;
		};
/* End PBXFrameworksBuildPhase section */

/* Begin PBXGroup section */
		134356FA27DDFCF20074E691 /* Frameworks */ = {
			isa = PBXGroup;
			children = (
				134356FD27DDFD030074E691 /* Cocoa.framework */,
				134356FB27DDFCF20074E691 /* InputMethodKit.framework */,
			);
			name = Frameworks;
			sourceTree = "<group>";
		};
		46E67F4426EC5505005EC052 = {
			isa = PBXGroup;
			children = (
				46E67F7C26EC5CFA005EC052 /* Resource */,
				46E67F4F26EC5505005EC052 /* Patal */,
				E289CD4D2CE9CD3D00E309D8 /* PatalTests */,
				46E67F4E26EC5505005EC052 /* Products */,
				134356FA27DDFCF20074E691 /* Frameworks */,
			);
			sourceTree = "<group>";
		};
		46E67F4E26EC5505005EC052 /* Products */ = {
			isa = PBXGroup;
			children = (
				46E67F4D26EC5505005EC052 /* Patal.app */,
				E289CD4C2CE9CD3D00E309D8 /* PatalTests.xctest */,
			);
			name = Products;
			sourceTree = "<group>";
		};
		46E67F4F26EC5505005EC052 /* Patal */ = {
			isa = PBXGroup;
			children = (
				46E67F5026EC5505005EC052 /* AppDelegate.swift */,
				461F6A4026ECCD2400573DB1 /* NotificationContent.swift */,
				134356FF27DDFF850074E691 /* InputController.swift */,
				E2B1644A2CDFAFC3003FCE85 /* HangulCode.swift */,
				E299CA4E2D008F2F00E2FD0D /* HangulComposer.swift */,
				464092A92B92EDA800F5D81D /* HangulProcessor.swift */,
				E2972D022CDF8C11001278E3 /* Layout.swift */,
				469C537E2B91E1C200446511 /* Logger.swift */,
				E284B61A2CFDF4F20009DE1C /* Util.swift */,
				46E67F5226EC5506005EC052 /* Assets.xcassets */,
				46E67F5426EC5506005EC052 /* MainMenu.xib */,
				46E67F5726EC5506005EC052 /* Info.plist */,
				46E67F5826EC5506005EC052 /* Patal.entitlements */,
			);
			path = Patal;
			sourceTree = "<group>";
		};
		46E67F7C26EC5CFA005EC052 /* Resource */ = {
			isa = PBXGroup;
			children = (
				461A81572B49B030005E7725 /* han3-shin-pcs.png */,
				461A81552B49B030005E7725 /* han3-shin-pcs@2x.png */,
				461A81562B49B030005E7725 /* han3-shin-p2.png */,
				461A81582B49B030005E7725 /* han3-shin-p2@2x.png */,
				46E67F7D26EC5CFA005EC052 /* han3-P2@2x.png */,
				46E67F7E26EC5CFA005EC052 /* han3-P2.png */,
				462EBD162B3F3DF400BD94B2 /* Korean.tiff */,
				46E67F7F26EC5CFA005EC052 /* icon.tiff */,
				1343570527DE0BEB0074E691 /* InfoPlist.strings */,
			);
			path = Resource;
			sourceTree = "<group>";
		};
/* End PBXGroup section */

/* Begin PBXNativeTarget section */
		46E67F4C26EC5505005EC052 /* Patal */ = {
			isa = PBXNativeTarget;
			buildConfigurationList = 46E67F7126EC5506005EC052 /* Build configuration list for PBXNativeTarget "Patal" */;
			buildPhases = (
				46E67F4926EC5505005EC052 /* Sources */,
				46E67F4A26EC5505005EC052 /* Frameworks */,
				46E67F4B26EC5505005EC052 /* Resources */,
			);
			buildRules = (
			);
			dependencies = (
			);
			name = Patal;
			productName = Patal;
			productReference = 46E67F4D26EC5505005EC052 /* Patal.app */;
			productType = "com.apple.product-type.application";
		};
		E289CD4B2CE9CD3D00E309D8 /* PatalTests */ = {
			isa = PBXNativeTarget;
			buildConfigurationList = E289CD522CE9CD3E00E309D8 /* Build configuration list for PBXNativeTarget "PatalTests" */;
			buildPhases = (
				E289CD482CE9CD3D00E309D8 /* Sources */,
				E289CD492CE9CD3D00E309D8 /* Frameworks */,
				E289CD4A2CE9CD3D00E309D8 /* Resources */,
			);
			buildRules = (
			);
			dependencies = (
				E289CD512CE9CD3D00E309D8 /* PBXTargetDependency */,
			);
			fileSystemSynchronizedGroups = (
				E289CD4D2CE9CD3D00E309D8 /* PatalTests */,
			);
			name = PatalTests;
			packageProductDependencies = (
			);
			productName = PatalTests;
			productReference = E289CD4C2CE9CD3D00E309D8 /* PatalTests.xctest */;
			productType = "com.apple.product-type.bundle.unit-test";
		};
/* End PBXNativeTarget section */

/* Begin PBXProject section */
		46E67F4526EC5505005EC052 /* Project object */ = {
			isa = PBXProject;
			attributes = {
				BuildIndependentTargetsInParallel = YES;
				LastSwiftUpdateCheck = 1610;
				LastUpgradeCheck = 1610;
				TargetAttributes = {
					46E67F4C26EC5505005EC052 = {
						CreatedOnToolsVersion = 12.5.1;
					};
					E289CD4B2CE9CD3D00E309D8 = {
						CreatedOnToolsVersion = 16.1;
						TestTargetID = 46E67F4C26EC5505005EC052;
					};
				};
			};
			buildConfigurationList = 46E67F4826EC5505005EC052 /* Build configuration list for PBXProject "Patal" */;
			compatibilityVersion = "Xcode 12.0";
			developmentRegion = en;
			hasScannedForEncodings = 0;
			knownRegions = (
				en,
				Base,
				ko,
			);
			mainGroup = 46E67F4426EC5505005EC052;
			productRefGroup = 46E67F4E26EC5505005EC052 /* Products */;
			projectDirPath = "";
			projectRoot = "";
			targets = (
				46E67F4C26EC5505005EC052 /* Patal */,
				E289CD4B2CE9CD3D00E309D8 /* PatalTests */,
			);
		};
/* End PBXProject section */

/* Begin PBXResourcesBuildPhase section */
		46E67F4B26EC5505005EC052 /* Resources */ = {
			isa = PBXResourcesBuildPhase;
			buildActionMask = 2147483647;
			files = (
				46E67F5326EC5506005EC052 /* Assets.xcassets in Resources */,
				462EBD172B3F3DF400BD94B2 /* Korean.tiff in Resources */,
				1343570327DE0BEB0074E691 /* InfoPlist.strings in Resources */,
				461A815C2B49B030005E7725 /* han3-shin-p2@2x.png in Resources */,
				461A815A2B49B030005E7725 /* han3-shin-p2.png in Resources */,
				46E67F5626EC5506005EC052 /* MainMenu.xib in Resources */,
				461A815B2B49B030005E7725 /* han3-shin-pcs.png in Resources */,
				46E67F8026EC5CFA005EC052 /* han3-P2@2x.png in Resources */,
				46E67F8126EC5CFA005EC052 /* han3-P2.png in Resources */,
				461A81592B49B030005E7725 /* han3-shin-pcs@2x.png in Resources */,
				46E67F8226EC5CFA005EC052 /* icon.tiff in Resources */,
			);
			runOnlyForDeploymentPostprocessing = 0;
		};
		E289CD4A2CE9CD3D00E309D8 /* Resources */ = {
			isa = PBXResourcesBuildPhase;
			buildActionMask = 2147483647;
			files = (
			);
			runOnlyForDeploymentPostprocessing = 0;
		};
/* End PBXResourcesBuildPhase section */

/* Begin PBXSourcesBuildPhase section */
		46E67F4926EC5505005EC052 /* Sources */ = {
			isa = PBXSourcesBuildPhase;
			buildActionMask = 2147483647;
			files = (
				E299CA4F2D008F2F00E2FD0D /* HangulComposer.swift in Sources */,
				1343570027DDFF850074E691 /* InputController.swift in Sources */,
				461F6A4126ECCD2400573DB1 /* NotificationContent.swift in Sources */,
				E2B1644B2CDFAFD4003FCE85 /* HangulCode.swift in Sources */,
				E284B61B2CFDF4F20009DE1C /* Util.swift in Sources */,
				46E67F5126EC5505005EC052 /* AppDelegate.swift in Sources */,
				469C537F2B91E1C200446511 /* Logger.swift in Sources */,
				464092AA2B92EDA800F5D81D /* HangulProcessor.swift in Sources */,
				E2972D032CDF8C18001278E3 /* Layout.swift in Sources */,
			);
			runOnlyForDeploymentPostprocessing = 0;
		};
		E289CD482CE9CD3D00E309D8 /* Sources */ = {
			isa = PBXSourcesBuildPhase;
			buildActionMask = 2147483647;
			files = (
			);
			runOnlyForDeploymentPostprocessing = 0;
		};
/* End PBXSourcesBuildPhase section */

/* Begin PBXTargetDependency section */
		E289CD512CE9CD3D00E309D8 /* PBXTargetDependency */ = {
			isa = PBXTargetDependency;
			target = 46E67F4C26EC5505005EC052 /* Patal */;
			targetProxy = E289CD502CE9CD3D00E309D8 /* PBXContainerItemProxy */;
		};
/* End PBXTargetDependency section */

/* Begin PBXVariantGroup section */
		1343570527DE0BEB0074E691 /* InfoPlist.strings */ = {
			isa = PBXVariantGroup;
			children = (
				1343570427DE0BEB0074E691 /* en */,
				46B3550C2B3EF8BA009305DC /* ko */,
			);
			name = InfoPlist.strings;
			sourceTree = "<group>";
		};
		46E67F5426EC5506005EC052 /* MainMenu.xib */ = {
			isa = PBXVariantGroup;
			children = (
				46E67F5526EC5506005EC052 /* Base */,
				46B3550B2B3EF8BA009305DC /* ko */,
				46B3550E2B3EF966009305DC /* en */,
			);
			name = MainMenu.xib;
			sourceTree = "<group>";
		};
/* End PBXVariantGroup section */

/* Begin XCBuildConfiguration section */
		46E67F6F26EC5506005EC052 /* Debug */ = {
			isa = XCBuildConfiguration;
			buildSettings = {
				ALWAYS_SEARCH_USER_PATHS = NO;
				CLANG_ANALYZER_LOCALIZABILITY_NONLOCALIZED = YES;
				CLANG_ANALYZER_NONNULL = YES;
				CLANG_ANALYZER_NUMBER_OBJECT_CONVERSION = YES_AGGRESSIVE;
				CLANG_CXX_LANGUAGE_STANDARD = "gnu++14";
				CLANG_CXX_LIBRARY = "libc++";
				CLANG_ENABLE_MODULES = YES;
				CLANG_ENABLE_OBJC_ARC = YES;
				CLANG_ENABLE_OBJC_WEAK = YES;
				CLANG_WARN_BLOCK_CAPTURE_AUTORELEASING = YES;
				CLANG_WARN_BOOL_CONVERSION = YES;
				CLANG_WARN_COMMA = YES;
				CLANG_WARN_CONSTANT_CONVERSION = YES;
				CLANG_WARN_DEPRECATED_OBJC_IMPLEMENTATIONS = YES;
				CLANG_WARN_DIRECT_OBJC_ISA_USAGE = YES_ERROR;
				CLANG_WARN_DOCUMENTATION_COMMENTS = YES;
				CLANG_WARN_EMPTY_BODY = YES;
				CLANG_WARN_ENUM_CONVERSION = YES;
				CLANG_WARN_INFINITE_RECURSION = YES;
				CLANG_WARN_INT_CONVERSION = YES;
				CLANG_WARN_NON_LITERAL_NULL_CONVERSION = YES;
				CLANG_WARN_OBJC_IMPLICIT_RETAIN_SELF = YES;
				CLANG_WARN_OBJC_LITERAL_CONVERSION = YES;
				CLANG_WARN_OBJC_ROOT_CLASS = YES_ERROR;
				CLANG_WARN_QUOTED_INCLUDE_IN_FRAMEWORK_HEADER = YES;
				CLANG_WARN_RANGE_LOOP_ANALYSIS = YES;
				CLANG_WARN_STRICT_PROTOTYPES = YES;
				CLANG_WARN_SUSPICIOUS_MOVE = YES;
				CLANG_WARN_UNGUARDED_AVAILABILITY = YES_AGGRESSIVE;
				CLANG_WARN_UNREACHABLE_CODE = YES;
				CLANG_WARN__DUPLICATE_METHOD_MATCH = YES;
				COPY_PHASE_STRIP = NO;
				DEAD_CODE_STRIPPING = YES;
				DEBUG_INFORMATION_FORMAT = dwarf;
				ENABLE_STRICT_OBJC_MSGSEND = YES;
				ENABLE_TESTABILITY = YES;
				ENABLE_USER_SCRIPT_SANDBOXING = YES;
				GCC_C_LANGUAGE_STANDARD = gnu11;
				GCC_DYNAMIC_NO_PIC = NO;
				GCC_NO_COMMON_BLOCKS = YES;
				GCC_OPTIMIZATION_LEVEL = 0;
				GCC_PREPROCESSOR_DEFINITIONS = (
					"DEBUG=1",
					"$(inherited)",
				);
				GCC_WARN_64_TO_32_BIT_CONVERSION = YES;
				GCC_WARN_ABOUT_RETURN_TYPE = YES_ERROR;
				GCC_WARN_UNDECLARED_SELECTOR = YES;
				GCC_WARN_UNINITIALIZED_AUTOS = YES_AGGRESSIVE;
				GCC_WARN_UNUSED_FUNCTION = YES;
				GCC_WARN_UNUSED_VARIABLE = YES;
				MACOSX_DEPLOYMENT_TARGET = 11.2;
				MTL_ENABLE_DEBUG_INFO = INCLUDE_SOURCE;
				MTL_FAST_MATH = YES;
				ONLY_ACTIVE_ARCH = YES;
				SDKROOT = macosx;
				SWIFT_ACTIVE_COMPILATION_CONDITIONS = DEBUG;
				SWIFT_OPTIMIZATION_LEVEL = "-Onone";
				SWIFT_VERSION = 6.0;
			};
			name = Debug;
		};
		46E67F7026EC5506005EC052 /* Release */ = {
			isa = XCBuildConfiguration;
			buildSettings = {
				ALWAYS_SEARCH_USER_PATHS = NO;
				CLANG_ANALYZER_LOCALIZABILITY_NONLOCALIZED = YES;
				CLANG_ANALYZER_NONNULL = YES;
				CLANG_ANALYZER_NUMBER_OBJECT_CONVERSION = YES_AGGRESSIVE;
				CLANG_CXX_LANGUAGE_STANDARD = "gnu++14";
				CLANG_CXX_LIBRARY = "libc++";
				CLANG_ENABLE_MODULES = YES;
				CLANG_ENABLE_OBJC_ARC = YES;
				CLANG_ENABLE_OBJC_WEAK = YES;
				CLANG_WARN_BLOCK_CAPTURE_AUTORELEASING = YES;
				CLANG_WARN_BOOL_CONVERSION = YES;
				CLANG_WARN_COMMA = YES;
				CLANG_WARN_CONSTANT_CONVERSION = YES;
				CLANG_WARN_DEPRECATED_OBJC_IMPLEMENTATIONS = YES;
				CLANG_WARN_DIRECT_OBJC_ISA_USAGE = YES_ERROR;
				CLANG_WARN_DOCUMENTATION_COMMENTS = YES;
				CLANG_WARN_EMPTY_BODY = YES;
				CLANG_WARN_ENUM_CONVERSION = YES;
				CLANG_WARN_INFINITE_RECURSION = YES;
				CLANG_WARN_INT_CONVERSION = YES;
				CLANG_WARN_NON_LITERAL_NULL_CONVERSION = YES;
				CLANG_WARN_OBJC_IMPLICIT_RETAIN_SELF = YES;
				CLANG_WARN_OBJC_LITERAL_CONVERSION = YES;
				CLANG_WARN_OBJC_ROOT_CLASS = YES_ERROR;
				CLANG_WARN_QUOTED_INCLUDE_IN_FRAMEWORK_HEADER = YES;
				CLANG_WARN_RANGE_LOOP_ANALYSIS = YES;
				CLANG_WARN_STRICT_PROTOTYPES = YES;
				CLANG_WARN_SUSPICIOUS_MOVE = YES;
				CLANG_WARN_UNGUARDED_AVAILABILITY = YES_AGGRESSIVE;
				CLANG_WARN_UNREACHABLE_CODE = YES;
				CLANG_WARN__DUPLICATE_METHOD_MATCH = YES;
				COPY_PHASE_STRIP = NO;
				DEAD_CODE_STRIPPING = YES;
				DEBUG_INFORMATION_FORMAT = "dwarf-with-dsym";
				ENABLE_NS_ASSERTIONS = NO;
				ENABLE_STRICT_OBJC_MSGSEND = YES;
				ENABLE_USER_SCRIPT_SANDBOXING = YES;
				GCC_C_LANGUAGE_STANDARD = gnu11;
				GCC_NO_COMMON_BLOCKS = YES;
				GCC_WARN_64_TO_32_BIT_CONVERSION = YES;
				GCC_WARN_ABOUT_RETURN_TYPE = YES_ERROR;
				GCC_WARN_UNDECLARED_SELECTOR = YES;
				GCC_WARN_UNINITIALIZED_AUTOS = YES_AGGRESSIVE;
				GCC_WARN_UNUSED_FUNCTION = YES;
				GCC_WARN_UNUSED_VARIABLE = YES;
				MACOSX_DEPLOYMENT_TARGET = 11.2;
				MTL_ENABLE_DEBUG_INFO = NO;
				MTL_FAST_MATH = YES;
				SDKROOT = macosx;
				SWIFT_COMPILATION_MODE = wholemodule;
				SWIFT_OPTIMIZATION_LEVEL = "-O";
				SWIFT_VERSION = 6.0;
			};
			name = Release;
		};
		46E67F7226EC5506005EC052 /* Debug */ = {
			isa = XCBuildConfiguration;
			buildSettings = {
				ASSETCATALOG_COMPILER_APPICON_NAME = AppIcon;
				ASSETCATALOG_COMPILER_GLOBAL_ACCENT_COLOR_NAME = AccentColor;
				ASSETCATALOG_COMPILER_INCLUDE_ALL_APPICON_ASSETS = YES;
				CODE_SIGN_ENTITLEMENTS = Patal/Patal.entitlements;
				CODE_SIGN_IDENTITY = "-";
				"CODE_SIGN_IDENTITY[sdk=macosx*]" = "Apple Development";
				CODE_SIGN_STYLE = Automatic;
				COMBINE_HIDPI_IMAGES = YES;
				CURRENT_PROJECT_VERSION = 1;
				DEAD_CODE_STRIPPING = YES;
				DEVELOPMENT_TEAM = LL75ZY5CKZ;
				ENABLE_HARDENED_RUNTIME = YES;
				INFOPLIST_FILE = Patal/Info.plist;
				INFOPLIST_KEY_CFBundleDisplayName = "팥알입력기";
				INFOPLIST_KEY_LSApplicationCategoryType = "public.app-category.utilities";
				INSTALL_PATH = "$(LOCAL_LIBRARY_DIR)/Input Methods";
				LD_RUNPATH_SEARCH_PATHS = (
					"$(inherited)",
					"@executable_path/../Frameworks",
				);
				MACOSX_DEPLOYMENT_TARGET = 11.3;
				MARKETING_VERSION = 1.0.0;
				PRODUCT_BUNDLE_IDENTIFIER = com.soomtong.inputmethod.Patal;
				PRODUCT_NAME = "$(TARGET_NAME)";
				SWIFT_VERSION = 5.0;
			};
			name = Debug;
		};
		46E67F7326EC5506005EC052 /* Release */ = {
			isa = XCBuildConfiguration;
			buildSettings = {
				ASSETCATALOG_COMPILER_APPICON_NAME = AppIcon;
				ASSETCATALOG_COMPILER_GLOBAL_ACCENT_COLOR_NAME = AccentColor;
				ASSETCATALOG_COMPILER_INCLUDE_ALL_APPICON_ASSETS = YES;
				CODE_SIGN_ENTITLEMENTS = Patal/Patal.entitlements;
				CODE_SIGN_IDENTITY = "-";
				"CODE_SIGN_IDENTITY[sdk=macosx*]" = "Apple Development";
				CODE_SIGN_STYLE = Automatic;
				COMBINE_HIDPI_IMAGES = YES;
				CURRENT_PROJECT_VERSION = 1;
				DEAD_CODE_STRIPPING = YES;
				DEVELOPMENT_TEAM = LL75ZY5CKZ;
				ENABLE_HARDENED_RUNTIME = YES;
				INFOPLIST_FILE = Patal/Info.plist;
				INFOPLIST_KEY_CFBundleDisplayName = "팥알입력기";
				INFOPLIST_KEY_LSApplicationCategoryType = "public.app-category.utilities";
				INSTALL_PATH = "$(LOCAL_LIBRARY_DIR)/Input Methods";
				LD_RUNPATH_SEARCH_PATHS = (
					"$(inherited)",
					"@executable_path/../Frameworks",
				);
				MACOSX_DEPLOYMENT_TARGET = 11.3;
				MARKETING_VERSION = 1.0.0;
				PRODUCT_BUNDLE_IDENTIFIER = com.soomtong.inputmethod.Patal;
				PRODUCT_NAME = "$(TARGET_NAME)";
				SWIFT_VERSION = 5.0;
			};
			name = Release;
		};
		E289CD532CE9CD3E00E309D8 /* Debug */ = {
			isa = XCBuildConfiguration;
			buildSettings = {
				ASSETCATALOG_COMPILER_GENERATE_SWIFT_ASSET_SYMBOL_EXTENSIONS = YES;
				BUNDLE_LOADER = "$(TEST_HOST)";
				CLANG_CXX_LANGUAGE_STANDARD = "gnu++20";
				CODE_SIGN_STYLE = Automatic;
				CURRENT_PROJECT_VERSION = 1;
				DEVELOPMENT_TEAM = LL75ZY5CKZ;
				GCC_C_LANGUAGE_STANDARD = gnu17;
				GENERATE_INFOPLIST_FILE = YES;
				LOCALIZATION_PREFERS_STRING_CATALOGS = YES;
				MACOSX_DEPLOYMENT_TARGET = 15.1;
				MARKETING_VERSION = 1.0;
				PRODUCT_BUNDLE_IDENTIFIER = soomtong.PatalTests;
				PRODUCT_NAME = "$(TARGET_NAME)";
				SWIFT_ACTIVE_COMPILATION_CONDITIONS = "DEBUG $(inherited)";
				SWIFT_EMIT_LOC_STRINGS = NO;
				SWIFT_VERSION = 6.0;
				TEST_HOST = "$(BUILT_PRODUCTS_DIR)/Patal.app/$(BUNDLE_EXECUTABLE_FOLDER_PATH)/Patal";
			};
			name = Debug;
		};
		E289CD542CE9CD3E00E309D8 /* Release */ = {
			isa = XCBuildConfiguration;
			buildSettings = {
				ASSETCATALOG_COMPILER_GENERATE_SWIFT_ASSET_SYMBOL_EXTENSIONS = YES;
				BUNDLE_LOADER = "$(TEST_HOST)";
				CLANG_CXX_LANGUAGE_STANDARD = "gnu++20";
				CODE_SIGN_STYLE = Automatic;
				CURRENT_PROJECT_VERSION = 1;
				DEVELOPMENT_TEAM = LL75ZY5CKZ;
				GCC_C_LANGUAGE_STANDARD = gnu17;
				GENERATE_INFOPLIST_FILE = YES;
				LOCALIZATION_PREFERS_STRING_CATALOGS = YES;
				MACOSX_DEPLOYMENT_TARGET = 15.1;
				MARKETING_VERSION = 1.0;
				PRODUCT_BUNDLE_IDENTIFIER = soomtong.PatalTests;
				PRODUCT_NAME = "$(TARGET_NAME)";
				SWIFT_EMIT_LOC_STRINGS = NO;
				SWIFT_VERSION = 6.0;
				TEST_HOST = "$(BUILT_PRODUCTS_DIR)/Patal.app/$(BUNDLE_EXECUTABLE_FOLDER_PATH)/Patal";
			};
			name = Release;
		};
/* End XCBuildConfiguration section */

/* Begin XCConfigurationList section */
		46E67F4826EC5505005EC052 /* Build configuration list for PBXProject "Patal" */ = {
			isa = XCConfigurationList;
			buildConfigurations = (
				46E67F6F26EC5506005EC052 /* Debug */,
				46E67F7026EC5506005EC052 /* Release */,
			);
			defaultConfigurationIsVisible = 0;
			defaultConfigurationName = Release;
		};
		46E67F7126EC5506005EC052 /* Build configuration list for PBXNativeTarget "Patal" */ = {
			isa = XCConfigurationList;
			buildConfigurations = (
				46E67F7226EC5506005EC052 /* Debug */,
				46E67F7326EC5506005EC052 /* Release */,
			);
			defaultConfigurationIsVisible = 0;
			defaultConfigurationName = Release;
		};
		E289CD522CE9CD3E00E309D8 /* Build configuration list for PBXNativeTarget "PatalTests" */ = {
			isa = XCConfigurationList;
			buildConfigurations = (
				E289CD532CE9CD3E00E309D8 /* Debug */,
				E289CD542CE9CD3E00E309D8 /* Release */,
			);
			defaultConfigurationIsVisible = 0;
			defaultConfigurationName = Release;
		};
/* End XCConfigurationList section */
	};
	rootObject = 46E67F4526EC5505005EC052 /* Project object */;
}
